
Microsoft Visual Studio Solution File, Format Version 11.00
# Visual Studio 2010
Project("{FAE04EC0-301F-11D3-BF4B-00C04F79EFBC}") = "roller coaster 1", "Assembly-CSharp.csproj", "{ADB3FC59-6E17-086C-B875-1FB4BCAC4BCF}"
EndProject
Global
	GlobalSection(SolutionConfigurationPlatforms) = preSolution
		Debug|Any CPU = Debug|Any CPU
		Release|Any CPU = Release|Any CPU
	EndGlobalSection
	GlobalSection(ProjectConfigurationPlatforms) = postSolution
		{ADB3FC59-6E17-086C-B875-1FB4BCAC4BCF}.Debug|Any CPU.ActiveCfg = Debug|Any CPU
		{ADB3FC59-6E17-086C-B875-1FB4BCAC4BCF}.Debug|Any CPU.Build.0 = Debug|Any CPU
		{ADB3FC59-6E17-086C-B875-1FB4BCAC4BCF}.Release|Any CPU.ActiveCfg = Release|Any CPU
		{ADB3FC59-6E17-086C-B875-1FB4BCAC4BCF}.Release|Any CPU.Build.0 = Release|Any CPU
	EndGlobalSection
	GlobalSection(SolutionProperties) = preSolution
		HideSolutionNode = FALSE
	EndGlobalSection
	GlobalSection(MonoDevelopProperties) = preSolution
		StartupItem = Assembly-CSharp.csproj
	EndGlobalSection
EndGlobal
